<?xml version="1.0" encoding="utf-8"?>
<Project ToolsVersion="4.0" xmlns="http://schemas.microsoft.com/developer/msbuild/2003">
  <ItemGroup>
    <Filter Include="Source Files">
      <UniqueIdentifier>{4FC737F1-C7A5-4376-A066-2A32D752A2FF}</UniqueIdentifier>
      <Extensions>cpp;c;cc;cxx;c++;cppm;ixx;def;odl;idl;hpj;bat;asm;asmx</Extensions>
    </Filter>
    <Filter Include="Header Files">
      <UniqueIdentifier>{93995380-89BD-4b04-88EB-625FBE52EBFB}</UniqueIdentifier>
      <Extensions>h;hh;hpp;hxx;h++;hm;inl;inc;ipp;xsd</Extensions>
    </Filter>
    <Filter Include="Resource Files">
      <UniqueIdentifier>{67DA6AB6-F800-4c08-8B7A-83BB121AAD01}</UniqueIdentifier>
      <Extensions>rc;ico;cur;bmp;dlg;rc2;rct;bin;rgs;gif;jpg;jpeg;jpe;resx;tiff;tif;png;wav;mfcribbon-ms</Extensions>
    </Filter>
    <Filter Include="Source Files\imgui">
      <UniqueIdentifier>{71349e32-c505-4af3-bae0-bbbe7ec08e41}</UniqueIdentifier>
    </Filter>
    <Filter Include="Source Files\camera">
      <UniqueIdentifier>{235e12ed-2f7e-4bf1-9b7a-8dc489c22780}</UniqueIdentifier>
    </Filter>
    <Filter Include="Source Files\rendering">
      <UniqueIdentifier>{0982e497-1184-47f8-9419-deef9de44411}</UniqueIdentifier>
    </Filter>
    <Filter Include="Source Files\io">
      <UniqueIdentifier>{afede7bd-538e-40a8-be78-e4cf7f9c9748}</UniqueIdentifier>
    </Filter>
    <Filter Include="Source Files\utilities">
      <UniqueIdentifier>{b6682782-5224-4116-80b4-7fda74a86b99}</UniqueIdentifier>
    </Filter>
    <Filter Include="Header Files\camera">
      <UniqueIdentifier>{010bdae8-733d-4a6f-aae2-010a7509919c}</UniqueIdentifier>
    </Filter>
    <Filter Include="Header Files\io">
      <UniqueIdentifier>{36250d05-ab29-4f4f-96f4-ef20bc14c002}</UniqueIdentifier>
    </Filter>
    <Filter Include="Header Files\graphics">
      <UniqueIdentifier>{467238ee-abe9-4497-b74a-45a505601545}</UniqueIdentifier>
    </Filter>
    <Filter Include="Header Files\rendering">
      <UniqueIdentifier>{8e941881-2505-40be-a67b-2e2480c6eea3}</UniqueIdentifier>
    </Filter>
    <Filter Include="Source Files\textures">
      <UniqueIdentifier>{5e1fb6c8-700b-4076-a7f2-5f9dc01781ae}</UniqueIdentifier>
    </Filter>
    <Filter Include="Header Files\textures">
      <UniqueIdentifier>{62690e93-6a3c-414d-a7f9-8ccd0e6c0939}</UniqueIdentifier>
    </Filter>
    <Filter Include="Header Files\geometry">
      <UniqueIdentifier>{296db3cb-01c7-4793-967d-494741d25d9c}</UniqueIdentifier>
    </Filter>
    <Filter Include="Source Files\geometry">
      <UniqueIdentifier>{b21e74f0-84f2-4b7a-95bb-bed2e384e886}</UniqueIdentifier>
    </Filter>
    <Filter Include="Source Files\materials">
      <UniqueIdentifier>{fc204e0e-8860-4ed5-b994-498eaa344b02}</UniqueIdentifier>
    </Filter>
    <Filter Include="Header Files\materials">
      <UniqueIdentifier>{dcd8db33-eaf4-464c-8799-9883c6614f9f}</UniqueIdentifier>
    </Filter>
  </ItemGroup>
  <ItemGroup>
    <ClCompile Include="GameEngine.cpp">
      <Filter>Source Files</Filter>
    </ClCompile>
    <ClCompile Include="imgui\imgui_widgets.cpp">
      <Filter>Source Files\imgui</Filter>
    </ClCompile>
    <ClCompile Include="imgui\imgui_tables.cpp">
      <Filter>Source Files\imgui</Filter>
    </ClCompile>
    <ClCompile Include="imgui\imgui_impl_opengl3.cpp">
      <Filter>Source Files\imgui</Filter>
    </ClCompile>
    <ClCompile Include="imgui\imgui_impl_glfw.cpp">
      <Filter>Source Files\imgui</Filter>
    </ClCompile>
    <ClCompile Include="imgui\imgui_draw.cpp">
      <Filter>Source Files\imgui</Filter>
    </ClCompile>
    <ClCompile Include="imgui\imgui.cpp">
      <Filter>Source Files\imgui</Filter>
    </ClCompile>
    <ClCompile Include="camera\CameraController.cpp">
      <Filter>Source Files\camera</Filter>
    </ClCompile>
    <ClCompile Include="rendering\Skybox.cpp">
      <Filter>Source Files\rendering</Filter>
    </ClCompile>
    <ClCompile Include="camera\FrameTimer.cpp">
      <Filter>Source Files\camera</Filter>
    </ClCompile>
    <ClCompile Include="io\FileSystemUtils.cpp">
      <Filter>Source Files\io</Filter>
    </ClCompile>
    <ClCompile Include="utilities\stb_image.cpp">
      <Filter>Source Files\utilities</Filter>
    </ClCompile>
    <ClCompile Include="textures\TextureLoader.cpp">
      <Filter>Source Files\textures</Filter>
    </ClCompile>
    <ClCompile Include="geometry\LevelGeometry.cpp">
      <Filter>Source Files\geometry</Filter>
    </ClCompile>
    <ClCompile Include="geometry\ModelLoader.cpp">
      <Filter>Source Files\geometry</Filter>
    </ClCompile>
    <ClCompile Include="materials\MaterialParser.cpp">
      <Filter>Source Files\materials</Filter>
    </ClCompile>
  </ItemGroup>
  <ItemGroup>
    <ClInclude Include="CameraController.h">
      <Filter>Header Files\camera</Filter>
    </ClInclude>
    <ClInclude Include="FileSystemUtils.h">
      <Filter>Header Files\io</Filter>
    </ClInclude>
    <ClInclude Include="FrameTimer.h">
      <Filter>Header Files\camera</Filter>
    </ClInclude>
    <ClInclude Include="shader.h">
      <Filter>Header Files\graphics</Filter>
    </ClInclude>
    <ClInclude Include="Skybox.h">
      <Filter>Header Files\rendering</Filter>
    </ClInclude>
    <ClInclude Include="Texture.h">
      <Filter>Header Files\textures</Filter>
    </ClInclude>
    <ClInclude Include="TextureLoader.h">
      <Filter>Header Files\textures</Filter>
    </ClInclude>
    <ClInclude Include="MaterialParser.h">
      <Filter>Header Files\materials</Filter>
    </ClInclude>
    <ClInclude Include="Materials.h">
      <Filter>Header Files\materials</Filter>
    </ClInclude>
    <ClInclude Include="LevelGeometry.h">
      <Filter>Header Files\geometry</Filter>
    </ClInclude>
    <ClInclude Include="ModelLoader.h">
      <Filter>Header Files\geometry</Filter>
    </ClInclude>
  </ItemGroup>
</Project>